
Microsoft Visual Studio Solution File, Format Version 12.00
# Visual Studio Version 17
VisualStudioVersion = 17.8.34511.84
MinimumVisualStudioVersion = 10.0.40219.1
Project("{9A19103F-16F7-4668-BE54-9A1E7A4F7556}") = "ToursAndCategories", "ToursAndCategories.csproj", "{2A89ABB1-36C9-442A-9830-0170877A8F30}"
EndProject
Project("{9A19103F-16F7-4668-BE54-9A1E7A4F7556}") = "BLL", "..\BLL\BLL.csproj", "{74EF2085-0879-4DA7-883D-1D29C745092F}"
EndProject
Global
	GlobalSection(SolutionConfigurationPlatforms) = preSolution
		Debug|Any CPU = Debug|Any CPU
		Release|Any CPU = Release|Any CPU
	EndGlobalSection
	GlobalSection(ProjectConfigurationPlatforms) = postSolution
		{2A89ABB1-36C9-442A-9830-0170877A8F30}.Debug|Any CPU.ActiveCfg = Debug|Any CPU
		{2A89ABB1-36C9-442A-9830-0170877A8F30}.Debug|Any CPU.Build.0 = Debug|Any CPU
		{2A89ABB1-36C9-442A-9830-0170877A8F30}.Release|Any CPU.ActiveCfg = Release|Any CPU
		{2A89ABB1-36C9-442A-9830-0170877A8F30}.Release|Any CPU.Build.0 = Release|Any CPU
		{74EF2085-0879-4DA7-883D-1D29C745092F}.Debug|Any CPU.ActiveCfg = Debug|Any CPU
		{74EF2085-0879-4DA7-883D-1D29C745092F}.Debug|Any CPU.Build.0 = Debug|Any CPU
		{74EF2085-0879-4DA7-883D-1D29C745092F}.Release|Any CPU.ActiveCfg = Release|Any CPU
		{74EF2085-0879-4DA7-883D-1D29C745092F}.Release|Any CPU.Build.0 = Release|Any CPU
	EndGlobalSection
	GlobalSection(SolutionProperties) = preSolution
		HideSolutionNode = FALSE
	EndGlobalSection
	GlobalSection(ExtensibilityGlobals) = postSolution
		SolutionGuid = {DC13997F-C828-452E-B2D8-C0108F735E54}
	EndGlobalSection
EndGlobal
